
Microsoft Visual Studio Solution File, Format Version 12.00
# Visual Studio Version 16
VisualStudioVersion = 16.0.31025.194
MinimumVisualStudioVersion = 10.0.40219.1
Project("{FAE04EC0-301F-11D3-BF4B-00C04F79EFBC}") = "gsb_gesAMM_APP", "gsb_gesAMM_APP.csproj", "{DA82C9D9-5B47-4FF2-ADDD-049B6CC4F122}"
EndProject
Global
	GlobalSection(SolutionConfigurationPlatforms) = preSolution
		Debug|Any CPU = Debug|Any CPU
		Release|Any CPU = Release|Any CPU
	EndGlobalSection
	GlobalSection(ProjectConfigurationPlatforms) = postSolution
		{DA82C9D9-5B47-4FF2-ADDD-049B6CC4F122}.Debug|Any CPU.ActiveCfg = Debug|Any CPU
		{DA82C9D9-5B47-4FF2-ADDD-049B6CC4F122}.Debug|Any CPU.Build.0 = Debug|Any CPU
		{DA82C9D9-5B47-4FF2-ADDD-049B6CC4F122}.Release|Any CPU.ActiveCfg = Release|Any CPU
		{DA82C9D9-5B47-4FF2-ADDD-049B6CC4F122}.Release|Any CPU.Build.0 = Release|Any CPU
	EndGlobalSection
	GlobalSection(SolutionProperties) = preSolution
		HideSolutionNode = FALSE
	EndGlobalSection
	GlobalSection(ExtensibilityGlobals) = postSolution
		SolutionGuid = {2194DDEE-5CD4-4427-A935-D45AF6079399}
	EndGlobalSection
EndGlobal
